
Microsoft Visual Studio Solution File, Format Version 12.00
# Visual Studio 15
VisualStudioVersion = 15.0.28307.2092
MinimumVisualStudioVersion = 10.0.40219.1
Project("{8BC9CEB8-8B4A-11D0-8D11-00A0C91BC942}") = "P06", "P06\P06.vcxproj", "{188EEFFD-4100-4600-AE71-9847F4106A34}"
EndProject
Global
	GlobalSection(SolutionConfigurationPlatforms) = preSolution
		Debug|x64 = Debug|x64
		Debug|x86 = Debug|x86
		Release|x64 = Release|x64
		Release|x86 = Release|x86
	EndGlobalSection
	GlobalSection(ProjectConfigurationPlatforms) = postSolution
		{188EEFFD-4100-4600-AE71-9847F4106A34}.Debug|x64.ActiveCfg = Debug|x64
		{188EEFFD-4100-4600-AE71-9847F4106A34}.Debug|x64.Build.0 = Debug|x64
		{188EEFFD-4100-4600-AE71-9847F4106A34}.Debug|x86.ActiveCfg = Debug|Win32
		{188EEFFD-4100-4600-AE71-9847F4106A34}.Debug|x86.Build.0 = Debug|Win32
		{188EEFFD-4100-4600-AE71-9847F4106A34}.Release|x64.ActiveCfg = Release|x64
		{188EEFFD-4100-4600-AE71-9847F4106A34}.Release|x64.Build.0 = Release|x64
		{188EEFFD-4100-4600-AE71-9847F4106A34}.Release|x86.ActiveCfg = Release|Win32
		{188EEFFD-4100-4600-AE71-9847F4106A34}.Release|x86.Build.0 = Release|Win32
	EndGlobalSection
	GlobalSection(SolutionProperties) = preSolution
		HideSolutionNode = FALSE
	EndGlobalSection
	GlobalSection(ExtensibilityGlobals) = postSolution
		SolutionGuid = {A497A912-254D-4D97-92AC-C11224668297}
	EndGlobalSection
EndGlobal
